
Microsoft Visual Studio Solution File, Format Version 12.00
# Visual Studio Version 16
VisualStudioVersion = 16.0.32407.337
MinimumVisualStudioVersion = 10.0.40219.1
Project("{FAE04EC0-301F-11D3-BF4B-00C04F79EFBC}") = "15_game", "15_game.csproj", "{588C023A-CFF5-4407-A216-E9960F8AE020}"
EndProject
Global
	GlobalSection(SolutionConfigurationPlatforms) = preSolution
		Debug|Any CPU = Debug|Any CPU
		Release|Any CPU = Release|Any CPU
	EndGlobalSection
	GlobalSection(ProjectConfigurationPlatforms) = postSolution
		{588C023A-CFF5-4407-A216-E9960F8AE020}.Debug|Any CPU.ActiveCfg = Debug|Any CPU
		{588C023A-CFF5-4407-A216-E9960F8AE020}.Debug|Any CPU.Build.0 = Debug|Any CPU
		{588C023A-CFF5-4407-A216-E9960F8AE020}.Release|Any CPU.ActiveCfg = Release|Any CPU
		{588C023A-CFF5-4407-A216-E9960F8AE020}.Release|Any CPU.Build.0 = Release|Any CPU
	EndGlobalSection
	GlobalSection(SolutionProperties) = preSolution
		HideSolutionNode = FALSE
	EndGlobalSection
	GlobalSection(ExtensibilityGlobals) = postSolution
		SolutionGuid = {452DE4E7-B6A1-40B9-9F51-2E7089D033BF}
	EndGlobalSection
EndGlobal
